
Microsoft Visual Studio Solution File, Format Version 12.00
# Visual Studio Version 16
VisualStudioVersion = 16.0.30114.105
MinimumVisualStudioVersion = 10.0.40219.1
Project("{FAE04EC0-301F-11D3-BF4B-00C04F79EFBC}") = "FactoryMethod", "FactoryMethod\FactoryMethod.csproj", "{9D390E05-2D26-4A07-BB08-787665C8B82B}"
EndProject
Project("{FAE04EC0-301F-11D3-BF4B-00C04F79EFBC}") = "AbstractFactory", "AbstractFactory\AbstractFactory.csproj", "{CFD9F7AC-9975-4F43-B6C8-602D9D308AC3}"
EndProject
Global
	GlobalSection(SolutionConfigurationPlatforms) = preSolution
		Debug|Any CPU = Debug|Any CPU
		Release|Any CPU = Release|Any CPU
	EndGlobalSection
	GlobalSection(ProjectConfigurationPlatforms) = postSolution
		{9D390E05-2D26-4A07-BB08-787665C8B82B}.Debug|Any CPU.ActiveCfg = Debug|Any CPU
		{9D390E05-2D26-4A07-BB08-787665C8B82B}.Debug|Any CPU.Build.0 = Debug|Any CPU
		{9D390E05-2D26-4A07-BB08-787665C8B82B}.Release|Any CPU.ActiveCfg = Release|Any CPU
		{9D390E05-2D26-4A07-BB08-787665C8B82B}.Release|Any CPU.Build.0 = Release|Any CPU
		{CFD9F7AC-9975-4F43-B6C8-602D9D308AC3}.Debug|Any CPU.ActiveCfg = Debug|Any CPU
		{CFD9F7AC-9975-4F43-B6C8-602D9D308AC3}.Debug|Any CPU.Build.0 = Debug|Any CPU
		{CFD9F7AC-9975-4F43-B6C8-602D9D308AC3}.Release|Any CPU.ActiveCfg = Release|Any CPU
		{CFD9F7AC-9975-4F43-B6C8-602D9D308AC3}.Release|Any CPU.Build.0 = Release|Any CPU
	EndGlobalSection
	GlobalSection(SolutionProperties) = preSolution
		HideSolutionNode = FALSE
	EndGlobalSection
	GlobalSection(ExtensibilityGlobals) = postSolution
		SolutionGuid = {FE191D23-1DF0-46FC-859D-751C98165B45}
	EndGlobalSection
EndGlobal
